
Microsoft Visual Studio Solution File, Format Version 12.00
# Visual Studio 15
VisualStudioVersion = 15.0.27130.2010
MinimumVisualStudioVersion = 10.0.40219.1
Project("{FAE04EC0-301F-11D3-BF4B-00C04F79EFBC}") = "UiTest_Example.Android", "UiTest_Example\UiTest_Example.Android\UiTest_Example.Android.csproj", "{FA1597F8-966B-4DA1-AE51-C08B3234BF04}"
EndProject
Project("{FAE04EC0-301F-11D3-BF4B-00C04F79EFBC}") = "UiTest_Example", "UiTest_Example\UiTest_Example\UiTest_Example.csproj", "{7DA7D0DE-C6DF-46A9-A340-A222895D776A}"
EndProject
Global
	GlobalSection(SolutionConfigurationPlatforms) = preSolution
		Debug|Any CPU = Debug|Any CPU
		Release|Any CPU = Release|Any CPU
	EndGlobalSection
	GlobalSection(ProjectConfigurationPlatforms) = postSolution
		{FA1597F8-966B-4DA1-AE51-C08B3234BF04}.Debug|Any CPU.ActiveCfg = Debug|Any CPU
		{FA1597F8-966B-4DA1-AE51-C08B3234BF04}.Debug|Any CPU.Build.0 = Debug|Any CPU
		{FA1597F8-966B-4DA1-AE51-C08B3234BF04}.Debug|Any CPU.Deploy.0 = Debug|Any CPU
		{FA1597F8-966B-4DA1-AE51-C08B3234BF04}.Release|Any CPU.ActiveCfg = Release|Any CPU
		{FA1597F8-966B-4DA1-AE51-C08B3234BF04}.Release|Any CPU.Build.0 = Release|Any CPU
		{FA1597F8-966B-4DA1-AE51-C08B3234BF04}.Release|Any CPU.Deploy.0 = Release|Any CPU
		{7DA7D0DE-C6DF-46A9-A340-A222895D776A}.Debug|Any CPU.ActiveCfg = Debug|Any CPU
		{7DA7D0DE-C6DF-46A9-A340-A222895D776A}.Debug|Any CPU.Build.0 = Debug|Any CPU
		{7DA7D0DE-C6DF-46A9-A340-A222895D776A}.Release|Any CPU.ActiveCfg = Release|Any CPU
		{7DA7D0DE-C6DF-46A9-A340-A222895D776A}.Release|Any CPU.Build.0 = Release|Any CPU
	EndGlobalSection
	GlobalSection(SolutionProperties) = preSolution
		HideSolutionNode = FALSE
	EndGlobalSection
	GlobalSection(ExtensibilityGlobals) = postSolution
		SolutionGuid = {5A227455-EB1C-4B1B-9FBB-A081FF69FD57}
	EndGlobalSection
EndGlobal
